
Microsoft Visual Studio Solution File, Format Version 12.00
# Visual Studio 15
VisualStudioVersion = 15.0.27130.2010
MinimumVisualStudioVersion = 10.0.40219.1
Project("{9092AA53-FB77-4645-B42D-1CCCA6BD08BD}") = "Shoppify", "Shoppify\Shoppify.njsproj", "{0C449250-15EC-495F-85F5-A795E21F8566}"
EndProject
Global
	GlobalSection(SolutionConfigurationPlatforms) = preSolution
		Debug|Any CPU = Debug|Any CPU
		Release|Any CPU = Release|Any CPU
	EndGlobalSection
	GlobalSection(ProjectConfigurationPlatforms) = postSolution
		{0C449250-15EC-495F-85F5-A795E21F8566}.Debug|Any CPU.ActiveCfg = Debug|Any CPU
		{0C449250-15EC-495F-85F5-A795E21F8566}.Debug|Any CPU.Build.0 = Debug|Any CPU
		{0C449250-15EC-495F-85F5-A795E21F8566}.Release|Any CPU.ActiveCfg = Release|Any CPU
		{0C449250-15EC-495F-85F5-A795E21F8566}.Release|Any CPU.Build.0 = Release|Any CPU
	EndGlobalSection
	GlobalSection(SolutionProperties) = preSolution
		HideSolutionNode = FALSE
	EndGlobalSection
	GlobalSection(ExtensibilityGlobals) = postSolution
		SolutionGuid = {4B510A79-4D7F-41C3-9A6D-589A1B0CD50A}
	EndGlobalSection
EndGlobal
